
Microsoft Visual Studio Solution File, Format Version 12.00
Project("{FAE04EC0-301F-11D3-BF4B-00C04F79EFBC}") = "CCC_Classic", "CCC_Classic\CCC_Classic.csproj", "{550C31B4-747F-4453-9B0F-6EA8E256B8C6}"
EndProject
Project("{FAE04EC0-301F-11D3-BF4B-00C04F79EFBC}") = "CCC_Classic.Utils", "CCC_Classic.Utils\CCC_Classic.Utils.csproj", "{0396D644-CFAC-4053-8EFC-7C098643A584}"
EndProject
Project("{FAE04EC0-301F-11D3-BF4B-00C04F79EFBC}") = "CCC_Praktikum", "CCC_Praktikum\CCC_Praktikum.csproj", "{A856FBA3-C008-4FA8-AFC7-6B43687A4F86}"
EndProject
Global
	GlobalSection(SolutionConfigurationPlatforms) = preSolution
		Debug|Any CPU = Debug|Any CPU
		Release|Any CPU = Release|Any CPU
	EndGlobalSection
	GlobalSection(ProjectConfigurationPlatforms) = postSolution
		{550C31B4-747F-4453-9B0F-6EA8E256B8C6}.Debug|Any CPU.ActiveCfg = Debug|Any CPU
		{550C31B4-747F-4453-9B0F-6EA8E256B8C6}.Debug|Any CPU.Build.0 = Debug|Any CPU
		{550C31B4-747F-4453-9B0F-6EA8E256B8C6}.Release|Any CPU.ActiveCfg = Release|Any CPU
		{550C31B4-747F-4453-9B0F-6EA8E256B8C6}.Release|Any CPU.Build.0 = Release|Any CPU
		{0396D644-CFAC-4053-8EFC-7C098643A584}.Debug|Any CPU.ActiveCfg = Debug|Any CPU
		{0396D644-CFAC-4053-8EFC-7C098643A584}.Debug|Any CPU.Build.0 = Debug|Any CPU
		{0396D644-CFAC-4053-8EFC-7C098643A584}.Release|Any CPU.ActiveCfg = Release|Any CPU
		{0396D644-CFAC-4053-8EFC-7C098643A584}.Release|Any CPU.Build.0 = Release|Any CPU
		{A856FBA3-C008-4FA8-AFC7-6B43687A4F86}.Debug|Any CPU.ActiveCfg = Debug|Any CPU
		{A856FBA3-C008-4FA8-AFC7-6B43687A4F86}.Debug|Any CPU.Build.0 = Debug|Any CPU
		{A856FBA3-C008-4FA8-AFC7-6B43687A4F86}.Release|Any CPU.ActiveCfg = Release|Any CPU
		{A856FBA3-C008-4FA8-AFC7-6B43687A4F86}.Release|Any CPU.Build.0 = Release|Any CPU
	EndGlobalSection
EndGlobal
